// !$*UTF8*$!
{
	archiveVersion = 1;
	classes = {
	};
	objectVersion = 46;
	objects = {

/* Begin PBXBuildFile section */
		AB9745B81E4E28EB004CB061 /* AppDelegate.swift in Sources */ = {isa = PBXBuildFile; fileRef = AB9745B71E4E28EB004CB061 /* AppDelegate.swift */; };
		AB9745BA1E4E28EB004CB061 /* ViewController.swift in Sources */ = {isa = PBXBuildFile; fileRef = AB9745B91E4E28EB004CB061 /* ViewController.swift */; };
		AB9745BD1E4E28EB004CB061 /* Main.storyboard in Resources */ = {isa = PBXBuildFile; fileRef = AB9745BB1E4E28EB004CB061 /* Main.storyboard */; };
		AB9745BF1E4E28EB004CB061 /* Assets.xcassets in Resources */ = {isa = PBXBuildFile; fileRef = AB9745BE1E4E28EB004CB061 /* Assets.xcassets */; };
		AB9745C21E4E28EB004CB061 /* LaunchScreen.storyboard in Resources */ = {isa = PBXBuildFile; fileRef = AB9745C01E4E28EB004CB061 /* LaunchScreen.storyboard */; };
		AB9745CD1E4E28EB004CB061 /* Emoji_DictionaryTests.swift in Sources */ = {isa = PBXBuildFile; fileRef = AB9745CC1E4E28EB004CB061 /* Emoji_DictionaryTests.swift */; };
		AB9745D81E4E28EB004CB061 /* Emoji_DictionaryUITests.swift in Sources */ = {isa = PBXBuildFile; fileRef = AB9745D71E4E28EB004CB061 /* Emoji_DictionaryUITests.swift */; };
/* End PBXBuildFile section */

/* Begin PBXContainerItemProxy section */
		AB9745C91E4E28EB004CB061 /* PBXContainerItemProxy */ = {
			isa = PBXContainerItemProxy;
			containerPortal = AB9745AC1E4E28EA004CB061 /* Project object */;
			proxyType = 1;
			remoteGlobalIDString = AB9745B31E4E28EA004CB061;
			remoteInfo = "Emoji Dictionary";
		};
		AB9745D41E4E28EB004CB061 /* PBXContainerItemProxy */ = {
			isa = PBXContainerItemProxy;
			containerPortal = AB9745AC1E4E28EA004CB061 /* Project object */;
			proxyType = 1;
			remoteGlobalIDString = AB9745B31E4E28EA004CB061;
			remoteInfo = "Emoji Dictionary";
		};
/* End PBXContainerItemProxy section */

/* Begin PBXFileReference section */
		AB9745B41E4E28EB004CB061 /* Emoji Dictionary.app */ = {isa = PBXFileReference; explicitFileType = wrapper.application; includeInIndex = 0; path = "Emoji Dictionary.app"; sourceTree = BUILT_PRODUCTS_DIR; };
		AB9745B71E4E28EB004CB061 /* AppDelegate.swift */ = {isa = PBXFileReference; lastKnownFileType = sourcecode.swift; path = AppDelegate.swift; sourceTree = "<group>"; };
		AB9745B91E4E28EB004CB061 /* ViewController.swift */ = {isa = PBXFileReference; lastKnownFileType = sourcecode.swift; path = ViewController.swift; sourceTree = "<group>"; };
		AB9745BC1E4E28EB004CB061 /* Base */ = {isa = PBXFileReference; lastKnownFileType = file.storyboard; name = Base; path = Base.lproj/Main.storyboard; sourceTree = "<group>"; };
		AB9745BE1E4E28EB004CB061 /* Assets.xcassets */ = {isa = PBXFileReference; lastKnownFileType = folder.assetcatalog; path = Assets.xcassets; sourceTree = "<group>"; };
		AB9745C11E4E28EB004CB061 /* Base */ = {isa = PBXFileReference; lastKnownFileType = file.storyboard; name = Base; path = Base.lproj/LaunchScreen.storyboard; sourceTree = "<group>"; };
		AB9745C31E4E28EB004CB061 /* Info.plist */ = {isa = PBXFileReference; lastKnownFileType = text.plist.xml; path = Info.plist; sourceTree = "<group>"; };
		AB9745C81E4E28EB004CB061 /* Emoji DictionaryTests.xctest */ = {isa = PBXFileReference; explicitFileType = wrapper.cfbundle; includeInIndex = 0; path = "Emoji DictionaryTests.xctest"; sourceTree = BUILT_PRODUCTS_DIR; };
		AB9745CC1E4E28EB004CB061 /* Emoji_DictionaryTests.swift */ = {isa = PBXFileReference; lastKnownFileType = sourcecode.swift; path = Emoji_DictionaryTests.swift; sourceTree = "<group>"; };
		AB9745CE1E4E28EB004CB061 /* Info.plist */ = {isa = PBXFileReference; lastKnownFileType = text.plist.xml; path = Info.plist; sourceTree = "<group>"; };
		AB9745D31E4E28EB004CB061 /* Emoji DictionaryUITests.xctest */ = {isa = PBXFileReference; explicitFileType = wrapper.cfbundle; includeInIndex = 0; path = "Emoji DictionaryUITests.xctest"; sourceTree = BUILT_PRODUCTS_DIR; };
		AB9745D71E4E28EB004CB061 /* Emoji_DictionaryUITests.swift */ = {isa = PBXFileReference; lastKnownFileType = sourcecode.swift; path = Emoji_DictionaryUITests.swift; sourceTree = "<group>"; };
		AB9745D91E4E28EB004CB061 /* Info.plist */ = {isa = PBXFileReference; lastKnownFileType = text.plist.xml; path = Info.plist; sourceTree = "<group>"; };
/* End PBXFileReference section */

/* Begin PBXFrameworksBuildPhase section */
		AB9745B11E4E28EA004CB061 /* Frameworks */ = {
			isa = PBXFrameworksBuildPhase;
			buildActionMask = 2147483647;
			files = (
			);
			runOnlyForDeploymentPostprocessing = 0;
		};
		AB9745C51E4E28EB004CB061 /* Frameworks */ = {
			isa = PBXFrameworksBuildPhase;
			buildActionMask = 2147483647;
			files = (
			);
			runOnlyForDeploymentPostprocessing = 0;
		};
		AB9745D01E4E28EB004CB061 /* Frameworks */ = {
			isa = PBXFrameworksBuildPhase;
			buildActionMask = 2147483647;
			files = (
			);
			runOnlyForDeploymentPostprocessing = 0;
		};
/* End PBXFrameworksBuildPhase section */

/* Begin PBXGroup section */
		AB9745AB1E4E28EA004CB061 = {
			isa = PBXGroup;
			children = (
				AB9745B61E4E28EB004CB061 /* Emoji Dictionary */,
				AB9745CB1E4E28EB004CB061 /* Emoji DictionaryTests */,
				AB9745D61E4E28EB004CB061 /* Emoji DictionaryUITests */,
				AB9745B51E4E28EB004CB061 /* Products */,
			);
			sourceTree = "<group>";
		};
		AB9745B51E4E28EB004CB061 /* Products */ = {
			isa = PBXGroup;
			children = (
				AB9745B41E4E28EB004CB061 /* Emoji Dictionary.app */,
				AB9745C81E4E28EB004CB061 /* Emoji DictionaryTests.xctest */,
				AB9745D31E4E28EB004CB061 /* Emoji DictionaryUITests.xctest */,
			);
			name = Products;
			sourceTree = "<group>";
		};
		AB9745B61E4E28EB004CB061 /* Emoji Dictionary */ = {
			isa = PBXGroup;
			children = (
				AB9745B71E4E28EB004CB061 /* AppDelegate.swift */,
				AB9745B91E4E28EB004CB061 /* ViewController.swift */,
				AB9745BB1E4E28EB004CB061 /* Main.storyboard */,
				AB9745BE1E4E28EB004CB061 /* Assets.xcassets */,
				AB9745C01E4E28EB004CB061 /* LaunchScreen.storyboard */,
				AB9745C31E4E28EB004CB061 /* Info.plist */,
			);
			path = "Emoji Dictionary";
			sourceTree = "<group>";
		};
		AB9745CB1E4E28EB004CB061 /* Emoji DictionaryTests */ = {
			isa = PBXGroup;
			children = (
				AB9745CC1E4E28EB004CB061 /* Emoji_DictionaryTests.swift */,
				AB9745CE1E4E28EB004CB061 /* Info.plist */,
			);
			path = "Emoji DictionaryTests";
			sourceTree = "<group>";
		};
		AB9745D61E4E28EB004CB061 /* Emoji DictionaryUITests */ = {
			isa = PBXGroup;
			children = (
				AB9745D71E4E28EB004CB061 /* Emoji_DictionaryUITests.swift */,
				AB9745D91E4E28EB004CB061 /* Info.plist */,
			);
			path = "Emoji DictionaryUITests";
			sourceTree = "<group>";
		};
/* End PBXGroup section */

/* Begin PBXNativeTarget section */
		AB9745B31E4E28EA004CB061 /* Emoji Dictionary */ = {
			isa = PBXNativeTarget;
			buildConfigurationList = AB9745DC1E4E28EB004CB061 /* Build configuration list for PBXNativeTarget "Emoji Dictionary" */;
			buildPhases = (
				AB9745B01E4E28EA004CB061 /* Sources */,
				AB9745B11E4E28EA004CB061 /* Frameworks */,
				AB9745B21E4E28EA004CB061 /* Resources */,
			);
			buildRules = (
			);
			dependencies = (
			);
			name = "Emoji Dictionary";
			productName = "Emoji Dictionary";
			productReference = AB9745B41E4E28EB004CB061 /* Emoji Dictionary.app */;
			productType = "com.apple.product-type.application";
		};
		AB9745C71E4E28EB004CB061 /* Emoji DictionaryTests */ = {
			isa = PBXNativeTarget;
			buildConfigurationList = AB9745DF1E4E28EB004CB061 /* Build configuration list for PBXNativeTarget "Emoji DictionaryTests" */;
			buildPhases = (
				AB9745C41E4E28EB004CB061 /* Sources */,
				AB9745C51E4E28EB004CB061 /* Frameworks */,
				AB9745C61E4E28EB004CB061 /* Resources */,
			);
			buildRules = (
			);
			dependencies = (
				AB9745CA1E4E28EB004CB061 /* PBXTargetDependency */,
			);
			name = "Emoji DictionaryTests";
			productName = "Emoji DictionaryTests";
			productReference = AB9745C81E4E28EB004CB061 /* Emoji DictionaryTests.xctest */;
			productType = "com.apple.product-type.bundle.unit-test";
		};
		AB9745D21E4E28EB004CB061 /* Emoji DictionaryUITests */ = {
			isa = PBXNativeTarget;
			buildConfigurationList = AB9745E21E4E28EB004CB061 /* Build configuration list for PBXNativeTarget "Emoji DictionaryUITests" */;
			buildPhases = (
				AB9745CF1E4E28EB004CB061 /* Sources */,
				AB9745D01E4E28EB004CB061 /* Frameworks */,
				AB9745D11E4E28EB004CB061 /* Resources */,
			);
			buildRules = (
			);
			dependencies = (
				AB9745D51E4E28EB004CB061 /* PBXTargetDependency */,
			);
			name = "Emoji DictionaryUITests";
			productName = "Emoji DictionaryUITests";
			productReference = AB9745D31E4E28EB004CB061 /* Emoji DictionaryUITests.xctest */;
			productType = "com.apple.product-type.bundle.ui-testing";
		};
/* End PBXNativeTarget section */

/* Begin PBXProject section */
		AB9745AC1E4E28EA004CB061 /* Project object */ = {
			isa = PBXProject;
			attributes = {
				LastSwiftUpdateCheck = 0820;
				LastUpgradeCheck = 0820;
				ORGANIZATIONNAME = "Jays Programming";
				TargetAttributes = {
					AB9745B31E4E28EA004CB061 = {
						CreatedOnToolsVersion = 8.2.1;
						ProvisioningStyle = Automatic;
					};
					AB9745C71E4E28EB004CB061 = {
						CreatedOnToolsVersion = 8.2.1;
						ProvisioningStyle = Automatic;
						TestTargetID = AB9745B31E4E28EA004CB061;
					};
					AB9745D21E4E28EB004CB061 = {
						CreatedOnToolsVersion = 8.2.1;
						ProvisioningStyle = Automatic;
						TestTargetID = AB9745B31E4E28EA004CB061;
					};
				};
			};
			buildConfigurationList = AB9745AF1E4E28EA004CB061 /* Build configuration list for PBXProject "Emoji Dictionary" */;
			compatibilityVersion = "Xcode 3.2";
			developmentRegion = English;
			hasScannedForEncodings = 0;
			knownRegions = (
				en,
				Base,
			);
			mainGroup = AB9745AB1E4E28EA004CB061;
			productRefGroup = AB9745B51E4E28EB004CB061 /* Products */;
			projectDirPath = "";
			projectRoot = "";
			targets = (
				AB9745B31E4E28EA004CB061 /* Emoji Dictionary */,
				AB9745C71E4E28EB004CB061 /* Emoji DictionaryTests */,
				AB9745D21E4E28EB004CB061 /* Emoji DictionaryUITests */,
			);
		};
/* End PBXProject section */

/* Begin PBXResourcesBuildPhase section */
		AB9745B21E4E28EA004CB061 /* Resources */ = {
			isa = PBXResourcesBuildPhase;
			buildActionMask = 2147483647;
			files = (
				AB9745C21E4E28EB004CB061 /* LaunchScreen.storyboard in Resources */,
				AB9745BF1E4E28EB004CB061 /* Assets.xcassets in Resources */,
				AB9745BD1E4E28EB004CB061 /* Main.storyboard in Resources */,
			);
			runOnlyForDeploymentPostprocessing = 0;
		};
		AB9745C61E4E28EB004CB061 /* Resources */ = {
			isa = PBXResourcesBuildPhase;
			buildActionMask = 2147483647;
			files = (
			);
			runOnlyForDeploymentPostprocessing = 0;
		};
		AB9745D11E4E28EB004CB061 /* Resources */ = {
			isa = PBXResourcesBuildPhase;
			buildActionMask = 2147483647;
			files = (
			);
			runOnlyForDeploymentPostprocessing = 0;
		};
/* End PBXResourcesBuildPhase section */

/* Begin PBXSourcesBuildPhase section */
		AB9745B01E4E28EA004CB061 /* Sources */ = {
			isa = PBXSourcesBuildPhase;
			buildActionMask = 2147483647;
			files = (
				AB9745BA1E4E28EB004CB061 /* ViewController.swift in Sources */,
				AB9745B81E4E28EB004CB061 /* AppDelegate.swift in Sources */,
			);
			runOnlyForDeploymentPostprocessing = 0;
		};
		AB9745C41E4E28EB004CB061 /* Sources */ = {
			isa = PBXSourcesBuildPhase;
			buildActionMask = 2147483647;
			files = (
				AB9745CD1E4E28EB004CB061 /* Emoji_DictionaryTests.swift in Sources */,
			);
			runOnlyForDeploymentPostprocessing = 0;
		};
		AB9745CF1E4E28EB004CB061 /* Sources */ = {
			isa = PBXSourcesBuildPhase;
			buildActionMask = 2147483647;
			files = (
				AB9745D81E4E28EB004CB061 /* Emoji_DictionaryUITests.swift in Sources */,
			);
			runOnlyForDeploymentPostprocessing = 0;
		};
/* End PBXSourcesBuildPhase section */

/* Begin PBXTargetDependency section */
		AB9745CA1E4E28EB004CB061 /* PBXTargetDependency */ = {
			isa = PBXTargetDependency;
			target = AB9745B31E4E28EA004CB061 /* Emoji Dictionary */;
			targetProxy = AB9745C91E4E28EB004CB061 /* PBXContainerItemProxy */;
		};
		AB9745D51E4E28EB004CB061 /* PBXTargetDependency */ = {
			isa = PBXTargetDependency;
			target = AB9745B31E4E28EA004CB061 /* Emoji Dictionary */;
			targetProxy = AB9745D41E4E28EB004CB061 /* PBXContainerItemProxy */;
		};
/* End PBXTargetDependency section */

/* Begin PBXVariantGroup section */
		AB9745BB1E4E28EB004CB061 /* Main.storyboard */ = {
			isa = PBXVariantGroup;
			children = (
				AB9745BC1E4E28EB004CB061 /* Base */,
			);
			name = Main.storyboard;
			sourceTree = "<group>";
		};
		AB9745C01E4E28EB004CB061 /* LaunchScreen.storyboard */ = {
			isa = PBXVariantGroup;
			children = (
				AB9745C11E4E28EB004CB061 /* Base */,
			);
			name = LaunchScreen.storyboard;
			sourceTree = "<group>";
		};
/* End PBXVariantGroup section */

/* Begin XCBuildConfiguration section */
		AB9745DA1E4E28EB004CB061 /* Debug */ = {
			isa = XCBuildConfiguration;
			buildSettings = {
				ALWAYS_SEARCH_USER_PATHS = NO;
				CLANG_ANALYZER_NONNULL = YES;
				CLANG_CXX_LANGUAGE_STANDARD = "gnu++0x";
				CLANG_CXX_LIBRARY = "libc++";
				CLANG_ENABLE_MODULES = YES;
				CLANG_ENABLE_OBJC_ARC = YES;
				CLANG_WARN_BOOL_CONVERSION = YES;
				CLANG_WARN_CONSTANT_CONVERSION = YES;
				CLANG_WARN_DIRECT_OBJC_ISA_USAGE = YES_ERROR;
				CLANG_WARN_DOCUMENTATION_COMMENTS = YES;
				CLANG_WARN_EMPTY_BODY = YES;
				CLANG_WARN_ENUM_CONVERSION = YES;
				CLANG_WARN_INFINITE_RECURSION = YES;
				CLANG_WARN_INT_CONVERSION = YES;
				CLANG_WARN_OBJC_ROOT_CLASS = YES_ERROR;
				CLANG_WARN_SUSPICIOUS_MOVE = YES;
				CLANG_WARN_UNREACHABLE_CODE = YES;
				CLANG_WARN__DUPLICATE_METHOD_MATCH = YES;
				"CODE_SIGN_IDENTITY[sdk=iphoneos*]" = "iPhone Developer";
				COPY_PHASE_STRIP = NO;
				DEBUG_INFORMATION_FORMAT = dwarf;
				ENABLE_STRICT_OBJC_MSGSEND = YES;
				ENABLE_TESTABILITY = YES;
				GCC_C_LANGUAGE_STANDARD = gnu99;
				GCC_DYNAMIC_NO_PIC = NO;
				GCC_NO_COMMON_BLOCKS = YES;
				GCC_OPTIMIZATION_LEVEL = 0;
				GCC_PREPROCESSOR_DEFINITIONS = (
					"DEBUG=1",
					"$(inherited)",
				);
				GCC_WARN_64_TO_32_BIT_CONVERSION = YES;
				GCC_WARN_ABOUT_RETURN_TYPE = YES_ERROR;
				GCC_WARN_UNDECLARED_SELECTOR = YES;
				GCC_WARN_UNINITIALIZED_AUTOS = YES_AGGRESSIVE;
				GCC_WARN_UNUSED_FUNCTION = YES;
				GCC_WARN_UNUSED_VARIABLE = YES;
				IPHONEOS_DEPLOYMENT_TARGET = 10.2;
				MTL_ENABLE_DEBUG_INFO = YES;
				ONLY_ACTIVE_ARCH = YES;
				SDKROOT = iphoneos;
				SWIFT_ACTIVE_COMPILATION_CONDITIONS = DEBUG;
				SWIFT_OPTIMIZATION_LEVEL = "-Onone";
				TARGETED_DEVICE_FAMILY = "1,2";
			};
			name = Debug;
		};
		AB9745DB1E4E28EB004CB061 /* Release */ = {
			isa = XCBuildConfiguration;
			buildSettings = {
				ALWAYS_SEARCH_USER_PATHS = NO;
				CLANG_ANALYZER_NONNULL = YES;
				CLANG_CXX_LANGUAGE_STANDARD = "gnu++0x";
				CLANG_CXX_LIBRARY = "libc++";
				CLANG_ENABLE_MODULES = YES;
				CLANG_ENABLE_OBJC_ARC = YES;
				CLANG_WARN_BOOL_CONVERSION = YES;
				CLANG_WARN_CONSTANT_CONVERSION = YES;
				CLANG_WARN_DIRECT_OBJC_ISA_USAGE = YES_ERROR;
				CLANG_WARN_DOCUMENTATION_COMMENTS = YES;
				CLANG_WARN_EMPTY_BODY = YES;
				CLANG_WARN_ENUM_CONVERSION = YES;
				CLANG_WARN_INFINITE_RECURSION = YES;
				CLANG_WARN_INT_CONVERSION = YES;
				CLANG_WARN_OBJC_ROOT_CLASS = YES_ERROR;
				CLANG_WARN_SUSPICIOUS_MOVE = YES;
				CLANG_WARN_UNREACHABLE_CODE = YES;
				CLANG_WARN__DUPLICATE_METHOD_MATCH = YES;
				"CODE_SIGN_IDENTITY[sdk=iphoneos*]" = "iPhone Developer";
				COPY_PHASE_STRIP = NO;
				DEBUG_INFORMATION_FORMAT = "dwarf-with-dsym";
				ENABLE_NS_ASSERTIONS = NO;
				ENABLE_STRICT_OBJC_MSGSEND = YES;
				GCC_C_LANGUAGE_STANDARD = gnu99;
				GCC_NO_COMMON_BLOCKS = YES;
				GCC_WARN_64_TO_32_BIT_CONVERSION = YES;
				GCC_WARN_ABOUT_RETURN_TYPE = YES_ERROR;
				GCC_WARN_UNDECLARED_SELECTOR = YES;
				GCC_WARN_UNINITIALIZED_AUTOS = YES_AGGRESSIVE;
				GCC_WARN_UNUSED_FUNCTION = YES;
				GCC_WARN_UNUSED_VARIABLE = YES;
				IPHONEOS_DEPLOYMENT_TARGET = 10.2;
				MTL_ENABLE_DEBUG_INFO = NO;
				SDKROOT = iphoneos;
				SWIFT_OPTIMIZATION_LEVEL = "-Owholemodule";
				TARGETED_DEVICE_FAMILY = "1,2";
				VALIDATE_PRODUCT = YES;
			};
			name = Release;
		};
		AB9745DD1E4E28EB004CB061 /* Debug */ = {
			isa = XCBuildConfiguration;
			buildSettings = {
				ASSETCATALOG_COMPILER_APPICON_NAME = AppIcon;
				INFOPLIST_FILE = "Emoji Dictionary/Info.plist";
				LD_RUNPATH_SEARCH_PATHS = "$(inherited) @executable_path/Frameworks";
				PRODUCT_BUNDLE_IDENTIFIER = "jaydog.Emoji-Dictionary";
				PRODUCT_NAME = "$(TARGET_NAME)";
				SWIFT_VERSION = 3.0;
			};
			name = Debug;
		};
		AB9745DE1E4E28EB004CB061 /* Release */ = {
			isa = XCBuildConfiguration;
			buildSettings = {
				ASSETCATALOG_COMPILER_APPICON_NAME = AppIcon;
				INFOPLIST_FILE = "Emoji Dictionary/Info.plist";
				LD_RUNPATH_SEARCH_PATHS = "$(inherited) @executable_path/Frameworks";
				PRODUCT_BUNDLE_IDENTIFIER = "jaydog.Emoji-Dictionary";
				PRODUCT_NAME = "$(TARGET_NAME)";
				SWIFT_VERSION = 3.0;
			};
			name = Release;
		};
		AB9745E01E4E28EB004CB061 /* Debug */ = {
			isa = XCBuildConfiguration;
			buildSettings = {
				ALWAYS_EMBED_SWIFT_STANDARD_LIBRARIES = YES;
				BUNDLE_LOADER = "$(TEST_HOST)";
				INFOPLIST_FILE = "Emoji DictionaryTests/Info.plist";
				LD_RUNPATH_SEARCH_PATHS = "$(inherited) @executable_path/Frameworks @loader_path/Frameworks";
				PRODUCT_BUNDLE_IDENTIFIER = "jaydog.Emoji-DictionaryTests";
				PRODUCT_NAME = "$(TARGET_NAME)";
				SWIFT_VERSION = 3.0;
				TEST_HOST = "$(BUILT_PRODUCTS_DIR)/Emoji Dictionary.app/Emoji Dictionary";
			};
			name = Debug;
		};
		AB9745E11E4E28EB004CB061 /* Release */ = {
			isa = XCBuildConfiguration;
			buildSettings = {
				ALWAYS_EMBED_SWIFT_STANDARD_LIBRARIES = YES;
				BUNDLE_LOADER = "$(TEST_HOST)";
				INFOPLIST_FILE = "Emoji DictionaryTests/Info.plist";
				LD_RUNPATH_SEARCH_PATHS = "$(inherited) @executable_path/Frameworks @loader_path/Frameworks";
				PRODUCT_BUNDLE_IDENTIFIER = "jaydog.Emoji-DictionaryTests";
				PRODUCT_NAME = "$(TARGET_NAME)";
				SWIFT_VERSION = 3.0;
				TEST_HOST = "$(BUILT_PRODUCTS_DIR)/Emoji Dictionary.app/Emoji Dictionary";
			};
			name = Release;
		};
		AB9745E31E4E28EB004CB061 /* Debug */ = {
			isa = XCBuildConfiguration;
			buildSettings = {
				ALWAYS_EMBED_SWIFT_STANDARD_LIBRARIES = YES;
				INFOPLIST_FILE = "Emoji DictionaryUITests/Info.plist";
				LD_RUNPATH_SEARCH_PATHS = "$(inherited) @executable_path/Frameworks @loader_path/Frameworks";
				PRODUCT_BUNDLE_IDENTIFIER = "jaydog.Emoji-DictionaryUITests";
				PRODUCT_NAME = "$(TARGET_NAME)";
				SWIFT_VERSION = 3.0;
				TEST_TARGET_NAME = "Emoji Dictionary";
			};
			name = Debug;
		};
		AB9745E41E4E28EB004CB061 /* Release */ = {
			isa = XCBuildConfiguration;
			buildSettings = {
				ALWAYS_EMBED_SWIFT_STANDARD_LIBRARIES = YES;
				INFOPLIST_FILE = "Emoji DictionaryUITests/Info.plist";
				LD_RUNPATH_SEARCH_PATHS = "$(inherited) @executable_path/Frameworks @loader_path/Frameworks";
				PRODUCT_BUNDLE_IDENTIFIER = "jaydog.Emoji-DictionaryUITests";
				PRODUCT_NAME = "$(TARGET_NAME)";
				SWIFT_VERSION = 3.0;
				TEST_TARGET_NAME = "Emoji Dictionary";
			};
			name = Release;
		};
/* End XCBuildConfiguration section */

/* Begin XCConfigurationList section */
		AB9745AF1E4E28EA004CB061 /* Build configuration list for PBXProject "Emoji Dictionary" */ = {
			isa = XCConfigurationList;
			buildConfigurations = (
				AB9745DA1E4E28EB004CB061 /* Debug */,
				AB9745DB1E4E28EB004CB061 /* Release */,
			);
			defaultConfigurationIsVisible = 0;
			defaultConfigurationName = Release;
		};
		AB9745DC1E4E28EB004CB061 /* Build configuration list for PBXNativeTarget "Emoji Dictionary" */ = {
			isa = XCConfigurationList;
			buildConfigurations = (
				AB9745DD1E4E28EB004CB061 /* Debug */,
				AB9745DE1E4E28EB004CB061 /* Release */,
			);
			defaultConfigurationIsVisible = 0;
		};
		AB9745DF1E4E28EB004CB061 /* Build configuration list for PBXNativeTarget "Emoji DictionaryTests" */ = {
			isa = XCConfigurationList;
			buildConfigurations = (
				AB9745E01E4E28EB004CB061 /* Debug */,
				AB9745E11E4E28EB004CB061 /* Release */,
			);
			defaultConfigurationIsVisible = 0;
		};
		AB9745E21E4E28EB004CB061 /* Build configuration list for PBXNativeTarget "Emoji DictionaryUITests" */ = {
			isa = XCConfigurationList;
			buildConfigurations = (
				AB9745E31E4E28EB004CB061 /* Debug */,
				AB9745E41E4E28EB004CB061 /* Release */,
			);
			defaultConfigurationIsVisible = 0;
		};
/* End XCConfigurationList section */
	};
	rootObject = AB9745AC1E4E28EA004CB061 /* Project object */;
}
